// !$*UTF8*$!
{
	archiveVersion = 1;
	classes = {
	};
	objectVersion = 56;
	objects = {

/* Begin PBXBuildFile section */
		4D90D8AF2F15592F00E14205 /* GenerationsService.swift in Sources */ = {isa = PBXBuildFile; fileRef = 4D90D8812F15592F00E14205 /* GenerationsService.swift */; };
		4D90D8B02F15592F00E14205 /* ModelsService.swift in Sources */ = {isa = PBXBuildFile; fileRef = 4D90D8822F15592F00E14205 /* ModelsService.swift */; };
		4D90D8B12F15592F00E14205 /* UserService.swift in Sources */ = {isa = PBXBuildFile; fileRef = 4D90D8832F15592F00E14205 /* UserService.swift */; };
		4D90D8B32F15592F00E14205 /* Category.swift in Sources */ = {isa = PBXBuildFile; fileRef = 4D90D8872F15592F00E14205 /* Category.swift */; };
		4D90D8B42F15592F00E14205 /* Generation.swift in Sources */ = {isa = PBXBuildFile; fileRef = 4D90D8882F15592F00E14205 /* Generation.swift */; };
		4D90D8B62F15592F00E14205 /* User.swift in Sources */ = {isa = PBXBuildFile; fileRef = 4D90D88A2F15592F00E14205 /* User.swift */; };
		4D90D8B72F15592F00E14205 /* AuthViewModel.swift in Sources */ = {isa = PBXBuildFile; fileRef = 4D90D88C2F15592F00E14205 /* AuthViewModel.swift */; };
		4D90D8BA2F15592F00E14205 /* LoginView.swift in Sources */ = {isa = PBXBuildFile; fileRef = 4D90D8902F15592F00E14205 /* LoginView.swift */; };
		4D90D8BB2F15592F00E14205 /* RegisterView.swift in Sources */ = {isa = PBXBuildFile; fileRef = 4D90D8912F15592F00E14205 /* RegisterView.swift */; };
		4D90D8BC2F15592F00E14205 /* VerifyEmailView.swift in Sources */ = {isa = PBXBuildFile; fileRef = 4D90D8922F15592F00E14205 /* VerifyEmailView.swift */; };
		4D90D8BE2F15592F00E14205 /* AppConfig.swift in Sources */ = {isa = PBXBuildFile; fileRef = 4D90D89B2F15592F00E14205 /* AppConfig.swift */; };
		4D90D8BF2F15592F00E14205 /* LGBadge.swift in Sources */ = {isa = PBXBuildFile; fileRef = 4D90D89E2F15592F00E14205 /* LGBadge.swift */; };
		4D90D8C02F15592F00E14205 /* LGButton.swift in Sources */ = {isa = PBXBuildFile; fileRef = 4D90D89F2F15592F00E14205 /* LGButton.swift */; };
		4D90D8C12F15592F00E14205 /* LGCard.swift in Sources */ = {isa = PBXBuildFile; fileRef = 4D90D8A02F15592F00E14205 /* LGCard.swift */; };
		4D90D8C22F15592F00E14205 /* LGLoadingView.swift in Sources */ = {isa = PBXBuildFile; fileRef = 4D90D8A12F15592F00E14205 /* LGLoadingView.swift */; };
		4D90D8C32F15592F00E14205 /* LGTextField.swift in Sources */ = {isa = PBXBuildFile; fileRef = 4D90D8A22F15592F00E14205 /* LGTextField.swift */; };
		4D90D8C42F15592F00E14205 /* LGColors.swift in Sources */ = {isa = PBXBuildFile; fileRef = 4D90D8A42F15592F00E14205 /* LGColors.swift */; };
		4D90D8C52F15592F00E14205 /* LGSpacing.swift in Sources */ = {isa = PBXBuildFile; fileRef = 4D90D8A52F15592F00E14205 /* LGSpacing.swift */; };
		4D90D8C62F15592F00E14205 /* LGTypography.swift in Sources */ = {isa = PBXBuildFile; fileRef = 4D90D8A62F15592F00E14205 /* LGTypography.swift */; };
		4D90D8C72F15592F00E14205 /* APIClient_Alamofire.swift.bak in Resources */ = {isa = PBXBuildFile; fileRef = 4D90D8A82F15592F00E14205 /* APIClient_Alamofire.swift.bak */; };
		4D90D8C82F15592F00E14205 /* APIClient.swift in Sources */ = {isa = PBXBuildFile; fileRef = 4D90D8A92F15592F00E14205 /* APIClient.swift */; };
		4D90D8C92F15592F00E14205 /* KeychainManager.swift in Sources */ = {isa = PBXBuildFile; fileRef = 4D90D8AB2F15592F00E14205 /* KeychainManager.swift */; };
		4D90D8CB2F15638B00E14205 /* TabBarView.swift in Sources */ = {isa = PBXBuildFile; fileRef = 4D90D8CA2F15638B00E14205 /* TabBarView.swift */; };
		4D90D8CD2F15647800E14205 /* HomeView.swift in Sources */ = {isa = PBXBuildFile; fileRef = 4D90D8CC2F15647800E14205 /* HomeView.swift */; };
		4DDB31D02F153AA200BA952B /* Preview Assets.xcassets in Resources */ = {isa = PBXBuildFile; fileRef = 4DDB31CF2F153AA200BA952B /* Preview Assets.xcassets */; };
		4DDB31DA2F153AA200BA952B /* LuidGPTTests.swift in Sources */ = {isa = PBXBuildFile; fileRef = 4DDB31D92F153AA200BA952B /* LuidGPTTests.swift */; };
		4DDB31E42F153AA300BA952B /* LuidGPTUITests.swift in Sources */ = {isa = PBXBuildFile; fileRef = 4DDB31E32F153AA300BA952B /* LuidGPTUITests.swift */; };
		4DDB31E62F153AA300BA952B /* LuidGPTUITestsLaunchTests.swift in Sources */ = {isa = PBXBuildFile; fileRef = 4DDB31E52F153AA300BA952B /* LuidGPTUITestsLaunchTests.swift */; };
		4DDB32182F153CBE00BA952B /* AuthViewModel.swift in Sources */ = {isa = PBXBuildFile; fileRef = 4DDB31F22F153CBE00BA952B /* AuthViewModel.swift */; };
		4DDB32192F153CBE00BA952B /* LuidGPTApp.swift in Sources */ = {isa = PBXBuildFile; fileRef = 4DDB31F42F153CBE00BA952B /* LuidGPTApp.swift */; };
		4DDB321A2F153CBE00BA952B /* Category.swift in Sources */ = {isa = PBXBuildFile; fileRef = 4DDB31F52F153CBE00BA952B /* Category.swift */; };
		4DDB321B2F153CBE00BA952B /* Generation.swift in Sources */ = {isa = PBXBuildFile; fileRef = 4DDB31F62F153CBE00BA952B /* Generation.swift */; };
		4DDB321C2F153CBE00BA952B /* ReplicateModel.swift in Sources */ = {isa = PBXBuildFile; fileRef = 4DDB31F72F153CBE00BA952B /* ReplicateModel.swift */; };
		4DDB321D2F153CBE00BA952B /* User.swift in Sources */ = {isa = PBXBuildFile; fileRef = 4DDB31F82F153CBE00BA952B /* User.swift */; };
		4DDB321E2F153CBE00BA952B /* AuthService.swift in Sources */ = {isa = PBXBuildFile; fileRef = 4DDB31FA2F153CBE00BA952B /* AuthService.swift */; };
		4DDB321F2F153CBE00BA952B /* AppConfig.swift in Sources */ = {isa = PBXBuildFile; fileRef = 4DDB31FC2F153CBE00BA952B /* AppConfig.swift */; };
		4DDB32202F153CBE00BA952B /* LGBadge.swift in Sources */ = {isa = PBXBuildFile; fileRef = 4DDB31FF2F153CBE00BA952B /* LGBadge.swift */; };
		4DDB32222F153CBE00BA952B /* LGCard.swift in Sources */ = {isa = PBXBuildFile; fileRef = 4DDB32012F153CBE00BA952B /* LGCard.swift */; };
		4DDB32232F153CBE00BA952B /* LGLoadingView.swift in Sources */ = {isa = PBXBuildFile; fileRef = 4DDB32022F153CBE00BA952B /* LGLoadingView.swift */; };
		4DDB32242F153CBE00BA952B /* LGTextField.swift in Sources */ = {isa = PBXBuildFile; fileRef = 4DDB32032F153CBE00BA952B /* LGTextField.swift */; };
		4DDB32252F153CBE00BA952B /* LGColors.swift in Sources */ = {isa = PBXBuildFile; fileRef = 4DDB32052F153CBE00BA952B /* LGColors.swift */; };
		4DDB32262F153CBE00BA952B /* LGSpacing.swift in Sources */ = {isa = PBXBuildFile; fileRef = 4DDB32062F153CBE00BA952B /* LGSpacing.swift */; };
		4DDB32272F153CBE00BA952B /* LGTypography.swift in Sources */ = {isa = PBXBuildFile; fileRef = 4DDB32072F153CBE00BA952B /* LGTypography.swift */; };
		4DDB32282F153CBE00BA952B /* KeychainManager.swift in Sources */ = {isa = PBXBuildFile; fileRef = 4DDB320A2F153CBE00BA952B /* KeychainManager.swift */; };
		4DDB32292F153CBE00BA952B /* AuthenticationView.swift in Sources */ = {isa = PBXBuildFile; fileRef = 4DDB320D2F153CBE00BA952B /* AuthenticationView.swift */; };
		4DDB322A2F153CBE00BA952B /* ForgotPasswordView.swift in Sources */ = {isa = PBXBuildFile; fileRef = 4DDB320E2F153CBE00BA952B /* ForgotPasswordView.swift */; };
		4DDB322C2F153CBE00BA952B /* RegisterView.swift in Sources */ = {isa = PBXBuildFile; fileRef = 4DDB32102F153CBE00BA952B /* RegisterView.swift */; };
		4DDB322D2F153CBE00BA952B /* VerifyEmailView.swift in Sources */ = {isa = PBXBuildFile; fileRef = 4DDB32112F153CBE00BA952B /* VerifyEmailView.swift */; };
		4DDB322F2F1541A600BA952B /* Assets.xcassets in Resources */ = {isa = PBXBuildFile; fileRef = 4DDB322E2F1541A600BA952B /* Assets.xcassets */; };
/* End PBXBuildFile section */

/* Begin PBXContainerItemProxy section */
		4DDB31D62F153AA200BA952B /* PBXContainerItemProxy */ = {
			isa = PBXContainerItemProxy;
			containerPortal = 4DDB31BD2F153AA100BA952B /* Project object */;
			proxyType = 1;
			remoteGlobalIDString = 4DDB31C42F153AA100BA952B;
			remoteInfo = LuidGPT;
		};
		4DDB31E02F153AA300BA952B /* PBXContainerItemProxy */ = {
			isa = PBXContainerItemProxy;
			containerPortal = 4DDB31BD2F153AA100BA952B /* Project object */;
			proxyType = 1;
			remoteGlobalIDString = 4DDB31C42F153AA100BA952B;
			remoteInfo = LuidGPT;
		};
/* End PBXContainerItemProxy section */

/* Begin PBXFileReference section */
		4D90D8812F15592F00E14205 /* GenerationsService.swift */ = {isa = PBXFileReference; fileEncoding = 4; lastKnownFileType = sourcecode.swift; path = GenerationsService.swift; sourceTree = "<group>"; };
		4D90D8822F15592F00E14205 /* ModelsService.swift */ = {isa = PBXFileReference; fileEncoding = 4; lastKnownFileType = sourcecode.swift; path = ModelsService.swift; sourceTree = "<group>"; };
		4D90D8832F15592F00E14205 /* UserService.swift */ = {isa = PBXFileReference; fileEncoding = 4; lastKnownFileType = sourcecode.swift; path = UserService.swift; sourceTree = "<group>"; };
		4D90D8852F15592F00E14205 /* Info.plist */ = {isa = PBXFileReference; fileEncoding = 4; lastKnownFileType = text.plist.xml; name = Info.plist; path = ../../LuidGPT_Source/Info.plist; sourceTree = "<group>"; };
		4D90D8872F15592F00E14205 /* Category.swift */ = {isa = PBXFileReference; fileEncoding = 4; lastKnownFileType = sourcecode.swift; path = Category.swift; sourceTree = "<group>"; };
		4D90D8882F15592F00E14205 /* Generation.swift */ = {isa = PBXFileReference; fileEncoding = 4; lastKnownFileType = sourcecode.swift; path = Generation.swift; sourceTree = "<group>"; };
		4D90D8892F15592F00E14205 /* ReplicateModel.swift */ = {isa = PBXFileReference; fileEncoding = 4; lastKnownFileType = sourcecode.swift; path = ReplicateModel.swift; sourceTree = "<group>"; };
		4D90D88A2F15592F00E14205 /* User.swift */ = {isa = PBXFileReference; fileEncoding = 4; lastKnownFileType = sourcecode.swift; path = User.swift; sourceTree = "<group>"; };
		4D90D88C2F15592F00E14205 /* AuthViewModel.swift */ = {isa = PBXFileReference; fileEncoding = 4; lastKnownFileType = sourcecode.swift; path = AuthViewModel.swift; sourceTree = "<group>"; };
		4D90D88E2F15592F00E14205 /* AuthenticationView.swift */ = {isa = PBXFileReference; fileEncoding = 4; lastKnownFileType = sourcecode.swift; path = AuthenticationView.swift; sourceTree = "<group>"; };
		4D90D88F2F15592F00E14205 /* ForgotPasswordView.swift */ = {isa = PBXFileReference; fileEncoding = 4; lastKnownFileType = sourcecode.swift; path = ForgotPasswordView.swift; sourceTree = "<group>"; };
		4D90D8902F15592F00E14205 /* LoginView.swift */ = {isa = PBXFileReference; fileEncoding = 4; lastKnownFileType = sourcecode.swift; path = LoginView.swift; sourceTree = "<group>"; };
		4D90D8912F15592F00E14205 /* RegisterView.swift */ = {isa = PBXFileReference; fileEncoding = 4; lastKnownFileType = sourcecode.swift; path = RegisterView.swift; sourceTree = "<group>"; };
		4D90D8922F15592F00E14205 /* VerifyEmailView.swift */ = {isa = PBXFileReference; fileEncoding = 4; lastKnownFileType = sourcecode.swift; path = VerifyEmailView.swift; sourceTree = "<group>"; };
		4D90D8992F15592F00E14205 /* AuthService.swift */ = {isa = PBXFileReference; fileEncoding = 4; lastKnownFileType = sourcecode.swift; path = AuthService.swift; sourceTree = "<group>"; };
		4D90D89B2F15592F00E14205 /* AppConfig.swift */ = {isa = PBXFileReference; fileEncoding = 4; lastKnownFileType = sourcecode.swift; path = AppConfig.swift; sourceTree = "<group>"; };
		4D90D89E2F15592F00E14205 /* LGBadge.swift */ = {isa = PBXFileReference; fileEncoding = 4; lastKnownFileType = sourcecode.swift; path = LGBadge.swift; sourceTree = "<group>"; };
		4D90D89F2F15592F00E14205 /* LGButton.swift */ = {isa = PBXFileReference; fileEncoding = 4; lastKnownFileType = sourcecode.swift; path = LGButton.swift; sourceTree = "<group>"; };
		4D90D8A02F15592F00E14205 /* LGCard.swift */ = {isa = PBXFileReference; fileEncoding = 4; lastKnownFileType = sourcecode.swift; path = LGCard.swift; sourceTree = "<group>"; };
		4D90D8A12F15592F00E14205 /* LGLoadingView.swift */ = {isa = PBXFileReference; fileEncoding = 4; lastKnownFileType = sourcecode.swift; path = LGLoadingView.swift; sourceTree = "<group>"; };
		4D90D8A22F15592F00E14205 /* LGTextField.swift */ = {isa = PBXFileReference; fileEncoding = 4; lastKnownFileType = sourcecode.swift; path = LGTextField.swift; sourceTree = "<group>"; };
		4D90D8A42F15592F00E14205 /* LGColors.swift */ = {isa = PBXFileReference; fileEncoding = 4; lastKnownFileType = sourcecode.swift; path = LGColors.swift; sourceTree = "<group>"; };
		4D90D8A52F15592F00E14205 /* LGSpacing.swift */ = {isa = PBXFileReference; fileEncoding = 4; lastKnownFileType = sourcecode.swift; path = LGSpacing.swift; sourceTree = "<group>"; };
		4D90D8A62F15592F00E14205 /* LGTypography.swift */ = {isa = PBXFileReference; fileEncoding = 4; lastKnownFileType = sourcecode.swift; path = LGTypography.swift; sourceTree = "<group>"; };
		4D90D8A82F15592F00E14205 /* APIClient_Alamofire.swift.bak */ = {isa = PBXFileReference; fileEncoding = 4; lastKnownFileType = text; path = APIClient_Alamofire.swift.bak; sourceTree = "<group>"; };
		4D90D8A92F15592F00E14205 /* APIClient.swift */ = {isa = PBXFileReference; fileEncoding = 4; lastKnownFileType = sourcecode.swift; path = APIClient.swift; sourceTree = "<group>"; };
		4D90D8AB2F15592F00E14205 /* KeychainManager.swift */ = {isa = PBXFileReference; fileEncoding = 4; lastKnownFileType = sourcecode.swift; path = KeychainManager.swift; sourceTree = "<group>"; };
		4D90D8CA2F15638B00E14205 /* TabBarView.swift */ = {isa = PBXFileReference; fileEncoding = 4; lastKnownFileType = sourcecode.swift; path = TabBarView.swift; sourceTree = "<group>"; };
		4D90D8CC2F15647800E14205 /* HomeView.swift */ = {isa = PBXFileReference; fileEncoding = 4; lastKnownFileType = sourcecode.swift; path = HomeView.swift; sourceTree = "<group>"; };
		4DDB31C52F153AA200BA952B /* LuidGPT.app */ = {isa = PBXFileReference; explicitFileType = wrapper.application; includeInIndex = 0; path = LuidGPT.app; sourceTree = BUILT_PRODUCTS_DIR; };
		4DDB31CF2F153AA200BA952B /* Preview Assets.xcassets */ = {isa = PBXFileReference; lastKnownFileType = folder.assetcatalog; path = "Preview Assets.xcassets"; sourceTree = "<group>"; };
		4DDB31D52F153AA200BA952B /* LuidGPTTests.xctest */ = {isa = PBXFileReference; explicitFileType = wrapper.cfbundle; includeInIndex = 0; path = LuidGPTTests.xctest; sourceTree = BUILT_PRODUCTS_DIR; };
		4DDB31D92F153AA200BA952B /* LuidGPTTests.swift */ = {isa = PBXFileReference; lastKnownFileType = sourcecode.swift; path = LuidGPTTests.swift; sourceTree = "<group>"; };
		4DDB31DF2F153AA300BA952B /* LuidGPTUITests.xctest */ = {isa = PBXFileReference; explicitFileType = wrapper.cfbundle; includeInIndex = 0; path = LuidGPTUITests.xctest; sourceTree = BUILT_PRODUCTS_DIR; };
		4DDB31E32F153AA300BA952B /* LuidGPTUITests.swift */ = {isa = PBXFileReference; lastKnownFileType = sourcecode.swift; path = LuidGPTUITests.swift; sourceTree = "<group>"; };
		4DDB31E52F153AA300BA952B /* LuidGPTUITestsLaunchTests.swift */ = {isa = PBXFileReference; lastKnownFileType = sourcecode.swift; path = LuidGPTUITestsLaunchTests.swift; sourceTree = "<group>"; };
		4DDB31F22F153CBE00BA952B /* AuthViewModel.swift */ = {isa = PBXFileReference; fileEncoding = 4; lastKnownFileType = sourcecode.swift; path = AuthViewModel.swift; sourceTree = "<group>"; };
		4DDB31F42F153CBE00BA952B /* LuidGPTApp.swift */ = {isa = PBXFileReference; fileEncoding = 4; lastKnownFileType = sourcecode.swift; name = LuidGPTApp.swift; path = ../../LuidGPT_Source/LuidGPTApp.swift; sourceTree = "<group>"; };
		4DDB31F52F153CBE00BA952B /* Category.swift */ = {isa = PBXFileReference; fileEncoding = 4; lastKnownFileType = sourcecode.swift; path = Category.swift; sourceTree = "<group>"; };
		4DDB31F62F153CBE00BA952B /* Generation.swift */ = {isa = PBXFileReference; fileEncoding = 4; lastKnownFileType = sourcecode.swift; path = Generation.swift; sourceTree = "<group>"; };
		4DDB31F72F153CBE00BA952B /* ReplicateModel.swift */ = {isa = PBXFileReference; fileEncoding = 4; lastKnownFileType = sourcecode.swift; path = ReplicateModel.swift; sourceTree = "<group>"; };
		4DDB31F82F153CBE00BA952B /* User.swift */ = {isa = PBXFileReference; fileEncoding = 4; lastKnownFileType = sourcecode.swift; path = User.swift; sourceTree = "<group>"; };
		4DDB31FA2F153CBE00BA952B /* AuthService.swift */ = {isa = PBXFileReference; fileEncoding = 4; lastKnownFileType = sourcecode.swift; path = AuthService.swift; sourceTree = "<group>"; };
		4DDB31FC2F153CBE00BA952B /* AppConfig.swift */ = {isa = PBXFileReference; fileEncoding = 4; lastKnownFileType = sourcecode.swift; path = AppConfig.swift; sourceTree = "<group>"; };
		4DDB31FF2F153CBE00BA952B /* LGBadge.swift */ = {isa = PBXFileReference; fileEncoding = 4; lastKnownFileType = sourcecode.swift; path = LGBadge.swift; sourceTree = "<group>"; };
		4DDB32002F153CBE00BA952B /* LGButton.swift */ = {isa = PBXFileReference; fileEncoding = 4; lastKnownFileType = sourcecode.swift; path = LGButton.swift; sourceTree = "<group>"; };
		4DDB32012F153CBE00BA952B /* LGCard.swift */ = {isa = PBXFileReference; fileEncoding = 4; lastKnownFileType = sourcecode.swift; path = LGCard.swift; sourceTree = "<group>"; };
		4DDB32022F153CBE00BA952B /* LGLoadingView.swift */ = {isa = PBXFileReference; fileEncoding = 4; lastKnownFileType = sourcecode.swift; path = LGLoadingView.swift; sourceTree = "<group>"; };
		4DDB32032F153CBE00BA952B /* LGTextField.swift */ = {isa = PBXFileReference; fileEncoding = 4; lastKnownFileType = sourcecode.swift; path = LGTextField.swift; sourceTree = "<group>"; };
		4DDB32052F153CBE00BA952B /* LGColors.swift */ = {isa = PBXFileReference; fileEncoding = 4; lastKnownFileType = sourcecode.swift; path = LGColors.swift; sourceTree = "<group>"; };
		4DDB32062F153CBE00BA952B /* LGSpacing.swift */ = {isa = PBXFileReference; fileEncoding = 4; lastKnownFileType = sourcecode.swift; path = LGSpacing.swift; sourceTree = "<group>"; };
		4DDB32072F153CBE00BA952B /* LGTypography.swift */ = {isa = PBXFileReference; fileEncoding = 4; lastKnownFileType = sourcecode.swift; path = LGTypography.swift; sourceTree = "<group>"; };
		4DDB320A2F153CBE00BA952B /* KeychainManager.swift */ = {isa = PBXFileReference; fileEncoding = 4; lastKnownFileType = sourcecode.swift; path = KeychainManager.swift; sourceTree = "<group>"; };
		4DDB320D2F153CBE00BA952B /* AuthenticationView.swift */ = {isa = PBXFileReference; fileEncoding = 4; lastKnownFileType = sourcecode.swift; path = AuthenticationView.swift; sourceTree = "<group>"; };
		4DDB320E2F153CBE00BA952B /* ForgotPasswordView.swift */ = {isa = PBXFileReference; fileEncoding = 4; lastKnownFileType = sourcecode.swift; path = ForgotPasswordView.swift; sourceTree = "<group>"; };
		4DDB320F2F153CBE00BA952B /* LoginView.swift */ = {isa = PBXFileReference; fileEncoding = 4; lastKnownFileType = sourcecode.swift; path = LoginView.swift; sourceTree = "<group>"; };
		4DDB32102F153CBE00BA952B /* RegisterView.swift */ = {isa = PBXFileReference; fileEncoding = 4; lastKnownFileType = sourcecode.swift; path = RegisterView.swift; sourceTree = "<group>"; };
		4DDB32112F153CBE00BA952B /* VerifyEmailView.swift */ = {isa = PBXFileReference; fileEncoding = 4; lastKnownFileType = sourcecode.swift; path = VerifyEmailView.swift; sourceTree = "<group>"; };
		4DDB322E2F1541A600BA952B /* Assets.xcassets */ = {isa = PBXFileReference; lastKnownFileType = folder.assetcatalog; path = Assets.xcassets; sourceTree = "<group>"; };
/* End PBXFileReference section */

/* Begin PBXFrameworksBuildPhase section */
		4DDB31C22F153AA100BA952B /* Frameworks */ = {
			isa = PBXFrameworksBuildPhase;
			buildActionMask = 2147483647;
			files = (
			);
			runOnlyForDeploymentPostprocessing = 0;
		};
		4DDB31D22F153AA200BA952B /* Frameworks */ = {
			isa = PBXFrameworksBuildPhase;
			buildActionMask = 2147483647;
			files = (
			);
			runOnlyForDeploymentPostprocessing = 0;
		};
		4DDB31DC2F153AA300BA952B /* Frameworks */ = {
			isa = PBXFrameworksBuildPhase;
			buildActionMask = 2147483647;
			files = (
			);
			runOnlyForDeploymentPostprocessing = 0;
		};
/* End PBXFrameworksBuildPhase section */

/* Begin PBXGroup section */
		4D90D8842F15592F00E14205 /* Services */ = {
			isa = PBXGroup;
			children = (
				4D90D8812F15592F00E14205 /* GenerationsService.swift */,
				4D90D8822F15592F00E14205 /* ModelsService.swift */,
				4D90D8832F15592F00E14205 /* UserService.swift */,
			);
			name = Services;
			path = ../../LuidGPT_Source/Services;
			sourceTree = "<group>";
		};
		4D90D8862F15592F00E14205 /* Preview Content */ = {
			isa = PBXGroup;
			children = (
			);
			name = "Preview Content";
			path = "../../LuidGPT_Source/Preview Content";
			sourceTree = "<group>";
		};
		4D90D88B2F15592F00E14205 /* Models */ = {
			isa = PBXGroup;
			children = (
				4D90D8872F15592F00E14205 /* Category.swift */,
				4D90D8882F15592F00E14205 /* Generation.swift */,
				4D90D8892F15592F00E14205 /* ReplicateModel.swift */,
				4D90D88A2F15592F00E14205 /* User.swift */,
			);
			name = Models;
			path = ../../LuidGPT_Source/Models;
			sourceTree = "<group>";
		};
		4D90D88D2F15592F00E14205 /* ViewModels */ = {
			isa = PBXGroup;
			children = (
				4D90D88C2F15592F00E14205 /* AuthViewModel.swift */,
			);
			name = ViewModels;
			path = ../../LuidGPT_Source/ViewModels;
			sourceTree = "<group>";
		};
		4D90D8932F15592F00E14205 /* Auth */ = {
			isa = PBXGroup;
			children = (
				4D90D88E2F15592F00E14205 /* AuthenticationView.swift */,
				4D90D88F2F15592F00E14205 /* ForgotPasswordView.swift */,
				4D90D8902F15592F00E14205 /* LoginView.swift */,
				4D90D8912F15592F00E14205 /* RegisterView.swift */,
				4D90D8922F15592F00E14205 /* VerifyEmailView.swift */,
			);
			path = Auth;
			sourceTree = "<group>";
		};
		4D90D8942F15592F00E14205 /* Generations */ = {
			isa = PBXGroup;
			children = (
			);
			path = Generations;
			sourceTree = "<group>";
		};
		4D90D8952F15592F00E14205 /* Home */ = {
			isa = PBXGroup;
			children = (
			);
			path = Home;
			sourceTree = "<group>";
		};
		4D90D8962F15592F00E14205 /* Models */ = {
			isa = PBXGroup;
			children = (
			);
			path = Models;
			sourceTree = "<group>";
		};
		4D90D8972F15592F00E14205 /* Profile */ = {
			isa = PBXGroup;
			children = (
			);
			path = Profile;
			sourceTree = "<group>";
		};
		4D90D8982F15592F00E14205 /* Views */ = {
			isa = PBXGroup;
			children = (
				4D90D8CC2F15647800E14205 /* HomeView.swift */,
				4D90D8CA2F15638B00E14205 /* TabBarView.swift */,
				4D90D8932F15592F00E14205 /* Auth */,
				4D90D8942F15592F00E14205 /* Generations */,
				4D90D8952F15592F00E14205 /* Home */,
				4D90D8962F15592F00E14205 /* Models */,
				4D90D8972F15592F00E14205 /* Profile */,
			);
			name = Views;
			path = ../../LuidGPT_Source/Views;
			sourceTree = "<group>";
		};
		4D90D89A2F15592F00E14205 /* Auth */ = {
			isa = PBXGroup;
			children = (
				4D90D8992F15592F00E14205 /* AuthService.swift */,
			);
			path = Auth;
			sourceTree = "<group>";
		};
		4D90D89C2F15592F00E14205 /* Config */ = {
			isa = PBXGroup;
			children = (
				4D90D89B2F15592F00E14205 /* AppConfig.swift */,
			);
			path = Config;
			sourceTree = "<group>";
		};
		4D90D89D2F15592F00E14205 /* Constants */ = {
			isa = PBXGroup;
			children = (
			);
			path = Constants;
			sourceTree = "<group>";
		};
		4D90D8A32F15592F00E14205 /* Components */ = {
			isa = PBXGroup;
			children = (
				4D90D89E2F15592F00E14205 /* LGBadge.swift */,
				4D90D89F2F15592F00E14205 /* LGButton.swift */,
				4D90D8A02F15592F00E14205 /* LGCard.swift */,
				4D90D8A12F15592F00E14205 /* LGLoadingView.swift */,
				4D90D8A22F15592F00E14205 /* LGTextField.swift */,
			);
			path = Components;
			sourceTree = "<group>";
		};
		4D90D8A72F15592F00E14205 /* DesignSystem */ = {
			isa = PBXGroup;
			children = (
				4D90D8A32F15592F00E14205 /* Components */,
				4D90D8A42F15592F00E14205 /* LGColors.swift */,
				4D90D8A52F15592F00E14205 /* LGSpacing.swift */,
				4D90D8A62F15592F00E14205 /* LGTypography.swift */,
			);
			path = DesignSystem;
			sourceTree = "<group>";
		};
		4D90D8AA2F15592F00E14205 /* Network */ = {
			isa = PBXGroup;
			children = (
				4D90D8A82F15592F00E14205 /* APIClient_Alamofire.swift.bak */,
				4D90D8A92F15592F00E14205 /* APIClient.swift */,
			);
			path = Network;
			sourceTree = "<group>";
		};
		4D90D8AC2F15592F00E14205 /* Storage */ = {
			isa = PBXGroup;
			children = (
				4D90D8AB2F15592F00E14205 /* KeychainManager.swift */,
			);
			path = Storage;
			sourceTree = "<group>";
		};
		4D90D8AD2F15592F00E14205 /* Core */ = {
			isa = PBXGroup;
			children = (
				4D90D89A2F15592F00E14205 /* Auth */,
				4D90D89C2F15592F00E14205 /* Config */,
				4D90D89D2F15592F00E14205 /* Constants */,
				4D90D8A72F15592F00E14205 /* DesignSystem */,
				4D90D8AA2F15592F00E14205 /* Network */,
				4D90D8AC2F15592F00E14205 /* Storage */,
			);
			name = Core;
			path = ../../LuidGPT_Source/Core;
			sourceTree = "<group>";
		};
		4D90D8AE2F15592F00E14205 /* Resources */ = {
			isa = PBXGroup;
			children = (
			);
			name = Resources;
			path = ../../LuidGPT_Source/Resources;
			sourceTree = "<group>";
		};
		4DDB31BC2F153AA100BA952B = {
			isa = PBXGroup;
			children = (
				4DDB31C72F153AA200BA952B /* LuidGPT */,
				4DDB31D82F153AA200BA952B /* LuidGPTTests */,
				4DDB31E22F153AA300BA952B /* LuidGPTUITests */,
				4DDB31C62F153AA200BA952B /* Products */,
			);
			sourceTree = "<group>";
		};
		4DDB31C62F153AA200BA952B /* Products */ = {
			isa = PBXGroup;
			children = (
				4DDB31C52F153AA200BA952B /* LuidGPT.app */,
				4DDB31D52F153AA200BA952B /* LuidGPTTests.xctest */,
				4DDB31DF2F153AA300BA952B /* LuidGPTUITests.xctest */,
			);
			name = Products;
			sourceTree = "<group>";
		};
		4DDB31C72F153AA200BA952B /* LuidGPT */ = {
			isa = PBXGroup;
			children = (
				4D90D8AD2F15592F00E14205 /* Core */,
				4D90D8852F15592F00E14205 /* Info.plist */,
				4D90D88B2F15592F00E14205 /* Models */,
				4D90D8862F15592F00E14205 /* Preview Content */,
				4D90D8AE2F15592F00E14205 /* Resources */,
				4D90D8842F15592F00E14205 /* Services */,
				4D90D88D2F15592F00E14205 /* ViewModels */,
				4D90D8982F15592F00E14205 /* Views */,
				4DDB322E2F1541A600BA952B /* Assets.xcassets */,
				4DDB320C2F153CBE00BA952B /* Core */,
				4DDB31F42F153CBE00BA952B /* LuidGPTApp.swift */,
				4DDB31F92F153CBE00BA952B /* Models */,
				4DDB31F32F153CBE00BA952B /* ViewModels */,
				4DDB32172F153CBE00BA952B /* Views */,
				4DDB31CE2F153AA200BA952B /* Preview Content */,
			);
			path = LuidGPT;
			sourceTree = "<group>";
		};
		4DDB31CE2F153AA200BA952B /* Preview Content */ = {
			isa = PBXGroup;
			children = (
				4DDB31CF2F153AA200BA952B /* Preview Assets.xcassets */,
			);
			path = "Preview Content";
			sourceTree = "<group>";
		};
		4DDB31D82F153AA200BA952B /* LuidGPTTests */ = {
			isa = PBXGroup;
			children = (
				4DDB31D92F153AA200BA952B /* LuidGPTTests.swift */,
			);
			path = LuidGPTTests;
			sourceTree = "<group>";
		};
		4DDB31E22F153AA300BA952B /* LuidGPTUITests */ = {
			isa = PBXGroup;
			children = (
				4DDB31E32F153AA300BA952B /* LuidGPTUITests.swift */,
				4DDB31E52F153AA300BA952B /* LuidGPTUITestsLaunchTests.swift */,
			);
			path = LuidGPTUITests;
			sourceTree = "<group>";
		};
		4DDB31F32F153CBE00BA952B /* ViewModels */ = {
			isa = PBXGroup;
			children = (
				4DDB31F22F153CBE00BA952B /* AuthViewModel.swift */,
			);
			name = ViewModels;
			path = ../../LuidGPT_Source/ViewModels;
			sourceTree = "<group>";
		};
		4DDB31F92F153CBE00BA952B /* Models */ = {
			isa = PBXGroup;
			children = (
				4DDB31F52F153CBE00BA952B /* Category.swift */,
				4DDB31F62F153CBE00BA952B /* Generation.swift */,
				4DDB31F72F153CBE00BA952B /* ReplicateModel.swift */,
				4DDB31F82F153CBE00BA952B /* User.swift */,
			);
			name = Models;
			path = ../../LuidGPT_Source/Models;
			sourceTree = "<group>";
		};
		4DDB31FB2F153CBE00BA952B /* Auth */ = {
			isa = PBXGroup;
			children = (
				4DDB31FA2F153CBE00BA952B /* AuthService.swift */,
			);
			path = Auth;
			sourceTree = "<group>";
		};
		4DDB31FD2F153CBE00BA952B /* Config */ = {
			isa = PBXGroup;
			children = (
				4DDB31FC2F153CBE00BA952B /* AppConfig.swift */,
			);
			path = Config;
			sourceTree = "<group>";
		};
		4DDB31FE2F153CBE00BA952B /* Constants */ = {
			isa = PBXGroup;
			children = (
			);
			path = Constants;
			sourceTree = "<group>";
		};
		4DDB32042F153CBE00BA952B /* Components */ = {
			isa = PBXGroup;
			children = (
				4DDB31FF2F153CBE00BA952B /* LGBadge.swift */,
				4DDB32002F153CBE00BA952B /* LGButton.swift */,
				4DDB32012F153CBE00BA952B /* LGCard.swift */,
				4DDB32022F153CBE00BA952B /* LGLoadingView.swift */,
				4DDB32032F153CBE00BA952B /* LGTextField.swift */,
			);
			path = Components;
			sourceTree = "<group>";
		};
		4DDB32082F153CBE00BA952B /* DesignSystem */ = {
			isa = PBXGroup;
			children = (
				4DDB32042F153CBE00BA952B /* Components */,
				4DDB32052F153CBE00BA952B /* LGColors.swift */,
				4DDB32062F153CBE00BA952B /* LGSpacing.swift */,
				4DDB32072F153CBE00BA952B /* LGTypography.swift */,
			);
			path = DesignSystem;
			sourceTree = "<group>";
		};
		4DDB32092F153CBE00BA952B /* Network */ = {
			isa = PBXGroup;
			children = (
			);
			path = Network;
			sourceTree = "<group>";
		};
		4DDB320B2F153CBE00BA952B /* Storage */ = {
			isa = PBXGroup;
			children = (
				4DDB320A2F153CBE00BA952B /* KeychainManager.swift */,
			);
			path = Storage;
			sourceTree = "<group>";
		};
		4DDB320C2F153CBE00BA952B /* Core */ = {
			isa = PBXGroup;
			children = (
				4DDB31FB2F153CBE00BA952B /* Auth */,
				4DDB31FD2F153CBE00BA952B /* Config */,
				4DDB31FE2F153CBE00BA952B /* Constants */,
				4DDB32082F153CBE00BA952B /* DesignSystem */,
				4DDB32092F153CBE00BA952B /* Network */,
				4DDB320B2F153CBE00BA952B /* Storage */,
			);
			name = Core;
			path = ../../LuidGPT_Source/Core;
			sourceTree = "<group>";
		};
		4DDB32122F153CBE00BA952B /* Auth */ = {
			isa = PBXGroup;
			children = (
				4DDB320D2F153CBE00BA952B /* AuthenticationView.swift */,
				4DDB320E2F153CBE00BA952B /* ForgotPasswordView.swift */,
				4DDB320F2F153CBE00BA952B /* LoginView.swift */,
				4DDB32102F153CBE00BA952B /* RegisterView.swift */,
				4DDB32112F153CBE00BA952B /* VerifyEmailView.swift */,
			);
			path = Auth;
			sourceTree = "<group>";
		};
		4DDB32132F153CBE00BA952B /* Generations */ = {
			isa = PBXGroup;
			children = (
			);
			path = Generations;
			sourceTree = "<group>";
		};
		4DDB32142F153CBE00BA952B /* Home */ = {
			isa = PBXGroup;
			children = (
			);
			path = Home;
			sourceTree = "<group>";
		};
		4DDB32152F153CBE00BA952B /* Models */ = {
			isa = PBXGroup;
			children = (
			);
			path = Models;
			sourceTree = "<group>";
		};
		4DDB32162F153CBE00BA952B /* Profile */ = {
			isa = PBXGroup;
			children = (
			);
			path = Profile;
			sourceTree = "<group>";
		};
		4DDB32172F153CBE00BA952B /* Views */ = {
			isa = PBXGroup;
			children = (
				4DDB32122F153CBE00BA952B /* Auth */,
				4DDB32132F153CBE00BA952B /* Generations */,
				4DDB32142F153CBE00BA952B /* Home */,
				4DDB32152F153CBE00BA952B /* Models */,
				4DDB32162F153CBE00BA952B /* Profile */,
			);
			name = Views;
			path = ../../LuidGPT_Source/Views;
			sourceTree = "<group>";
		};
/* End PBXGroup section */

/* Begin PBXNativeTarget section */
		4DDB31C42F153AA100BA952B /* LuidGPT */ = {
			isa = PBXNativeTarget;
			buildConfigurationList = 4DDB31E92F153AA300BA952B /* Build configuration list for PBXNativeTarget "LuidGPT" */;
			buildPhases = (
				4DDB31C12F153AA100BA952B /* Sources */,
				4DDB31C22F153AA100BA952B /* Frameworks */,
				4DDB31C32F153AA100BA952B /* Resources */,
			);
			buildRules = (
			);
			dependencies = (
			);
			name = LuidGPT;
			productName = LuidGPT;
			productReference = 4DDB31C52F153AA200BA952B /* LuidGPT.app */;
			productType = "com.apple.product-type.application";
		};
		4DDB31D42F153AA200BA952B /* LuidGPTTests */ = {
			isa = PBXNativeTarget;
			buildConfigurationList = 4DDB31EC2F153AA300BA952B /* Build configuration list for PBXNativeTarget "LuidGPTTests" */;
			buildPhases = (
				4DDB31D12F153AA200BA952B /* Sources */,
				4DDB31D22F153AA200BA952B /* Frameworks */,
				4DDB31D32F153AA200BA952B /* Resources */,
			);
			buildRules = (
			);
			dependencies = (
				4DDB31D72F153AA200BA952B /* PBXTargetDependency */,
			);
			name = LuidGPTTests;
			productName = LuidGPTTests;
			productReference = 4DDB31D52F153AA200BA952B /* LuidGPTTests.xctest */;
			productType = "com.apple.product-type.bundle.unit-test";
		};
		4DDB31DE2F153AA300BA952B /* LuidGPTUITests */ = {
			isa = PBXNativeTarget;
			buildConfigurationList = 4DDB31EF2F153AA300BA952B /* Build configuration list for PBXNativeTarget "LuidGPTUITests" */;
			buildPhases = (
				4DDB31DB2F153AA300BA952B /* Sources */,
				4DDB31DC2F153AA300BA952B /* Frameworks */,
				4DDB31DD2F153AA300BA952B /* Resources */,
			);
			buildRules = (
			);
			dependencies = (
				4DDB31E12F153AA300BA952B /* PBXTargetDependency */,
			);
			name = LuidGPTUITests;
			productName = LuidGPTUITests;
			productReference = 4DDB31DF2F153AA300BA952B /* LuidGPTUITests.xctest */;
			productType = "com.apple.product-type.bundle.ui-testing";
		};
/* End PBXNativeTarget section */

/* Begin PBXProject section */
		4DDB31BD2F153AA100BA952B /* Project object */ = {
			isa = PBXProject;
			attributes = {
				BuildIndependentTargetsInParallel = 1;
				LastSwiftUpdateCheck = 1540;
				LastUpgradeCheck = 1540;
				TargetAttributes = {
					4DDB31C42F153AA100BA952B = {
						CreatedOnToolsVersion = 15.4;
						LastSwiftMigration = 1540;
					};
					4DDB31D42F153AA200BA952B = {
						CreatedOnToolsVersion = 15.4;
						TestTargetID = 4DDB31C42F153AA100BA952B;
					};
					4DDB31DE2F153AA300BA952B = {
						CreatedOnToolsVersion = 15.4;
						TestTargetID = 4DDB31C42F153AA100BA952B;
					};
				};
			};
			buildConfigurationList = 4DDB31C02F153AA100BA952B /* Build configuration list for PBXProject "LuidGPT" */;
			compatibilityVersion = "Xcode 14.0";
			developmentRegion = en;
			hasScannedForEncodings = 0;
			knownRegions = (
				en,
				Base,
			);
			mainGroup = 4DDB31BC2F153AA100BA952B;
			packageReferences = (
			);
			productRefGroup = 4DDB31C62F153AA200BA952B /* Products */;
			projectDirPath = "";
			projectRoot = "";
			targets = (
				4DDB31C42F153AA100BA952B /* LuidGPT */,
				4DDB31D42F153AA200BA952B /* LuidGPTTests */,
				4DDB31DE2F153AA300BA952B /* LuidGPTUITests */,
			);
		};
/* End PBXProject section */

/* Begin PBXResourcesBuildPhase section */
		4DDB31C32F153AA100BA952B /* Resources */ = {
			isa = PBXResourcesBuildPhase;
			buildActionMask = 2147483647;
			files = (
				4D90D8C72F15592F00E14205 /* APIClient_Alamofire.swift.bak in Resources */,
				4DDB322F2F1541A600BA952B /* Assets.xcassets in Resources */,
				4DDB31D02F153AA200BA952B /* Preview Assets.xcassets in Resources */,
			);
			runOnlyForDeploymentPostprocessing = 0;
		};
		4DDB31D32F153AA200BA952B /* Resources */ = {
			isa = PBXResourcesBuildPhase;
			buildActionMask = 2147483647;
			files = (
			);
			runOnlyForDeploymentPostprocessing = 0;
		};
		4DDB31DD2F153AA300BA952B /* Resources */ = {
			isa = PBXResourcesBuildPhase;
			buildActionMask = 2147483647;
			files = (
			);
			runOnlyForDeploymentPostprocessing = 0;
		};
/* End PBXResourcesBuildPhase section */

/* Begin PBXSourcesBuildPhase section */
		4DDB31C12F153AA100BA952B /* Sources */ = {
			isa = PBXSourcesBuildPhase;
			buildActionMask = 2147483647;
			files = (
				4D90D8BC2F15592F00E14205 /* VerifyEmailView.swift in Sources */,
				4DDB321C2F153CBE00BA952B /* ReplicateModel.swift in Sources */,
				4D90D8B12F15592F00E14205 /* UserService.swift in Sources */,
				4DDB321F2F153CBE00BA952B /* AppConfig.swift in Sources */,
				4DDB32242F153CBE00BA952B /* LGTextField.swift in Sources */,
				4D90D8B02F15592F00E14205 /* ModelsService.swift in Sources */,
				4DDB322C2F153CBE00BA952B /* RegisterView.swift in Sources */,
				4DDB322D2F153CBE00BA952B /* VerifyEmailView.swift in Sources */,
				4D90D8B62F15592F00E14205 /* User.swift in Sources */,
				4D90D8C42F15592F00E14205 /* LGColors.swift in Sources */,
				4DDB32202F153CBE00BA952B /* LGBadge.swift in Sources */,
				4DDB32182F153CBE00BA952B /* AuthViewModel.swift in Sources */,
				4D90D8C92F15592F00E14205 /* KeychainManager.swift in Sources */,
				4D90D8C02F15592F00E14205 /* LGButton.swift in Sources */,
				4D90D8B32F15592F00E14205 /* Category.swift in Sources */,
				4D90D8C32F15592F00E14205 /* LGTextField.swift in Sources */,
				4D90D8CD2F15647800E14205 /* HomeView.swift in Sources */,
				4D90D8CB2F15638B00E14205 /* TabBarView.swift in Sources */,
				4D90D8C62F15592F00E14205 /* LGTypography.swift in Sources */,
				4DDB32282F153CBE00BA952B /* KeychainManager.swift in Sources */,
				4DDB321D2F153CBE00BA952B /* User.swift in Sources */,
				4D90D8C82F15592F00E14205 /* APIClient.swift in Sources */,
				4D90D8C22F15592F00E14205 /* LGLoadingView.swift in Sources */,
				4DDB32272F153CBE00BA952B /* LGTypography.swift in Sources */,
				4D90D8C52F15592F00E14205 /* LGSpacing.swift in Sources */,
				4DDB32232F153CBE00BA952B /* LGLoadingView.swift in Sources */,
				4DDB322A2F153CBE00BA952B /* ForgotPasswordView.swift in Sources */,
				4D90D8B42F15592F00E14205 /* Generation.swift in Sources */,
				4DDB32262F153CBE00BA952B /* LGSpacing.swift in Sources */,
				4D90D8B72F15592F00E14205 /* AuthViewModel.swift in Sources */,
				4DDB32222F153CBE00BA952B /* LGCard.swift in Sources */,
				4D90D8BE2F15592F00E14205 /* AppConfig.swift in Sources */,
				4D90D8BF2F15592F00E14205 /* LGBadge.swift in Sources */,
				4D90D8AF2F15592F00E14205 /* GenerationsService.swift in Sources */,
				4DDB32192F153CBE00BA952B /* LuidGPTApp.swift in Sources */,
				4D90D8BB2F15592F00E14205 /* RegisterView.swift in Sources */,
				4DDB321A2F153CBE00BA952B /* Category.swift in Sources */,
				4DDB32292F153CBE00BA952B /* AuthenticationView.swift in Sources */,
				4DDB321B2F153CBE00BA952B /* Generation.swift in Sources */,
				4DDB32252F153CBE00BA952B /* LGColors.swift in Sources */,
				4D90D8C12F15592F00E14205 /* LGCard.swift in Sources */,
				4D90D8BA2F15592F00E14205 /* LoginView.swift in Sources */,
				4DDB321E2F153CBE00BA952B /* AuthService.swift in Sources */,
			);
			runOnlyForDeploymentPostprocessing = 0;
		};
		4DDB31D12F153AA200BA952B /* Sources */ = {
			isa = PBXSourcesBuildPhase;
			buildActionMask = 2147483647;
			files = (
				4DDB31DA2F153AA200BA952B /* LuidGPTTests.swift in Sources */,
			);
			runOnlyForDeploymentPostprocessing = 0;
		};
		4DDB31DB2F153AA300BA952B /* Sources */ = {
			isa = PBXSourcesBuildPhase;
			buildActionMask = 2147483647;
			files = (
				4DDB31E62F153AA300BA952B /* LuidGPTUITestsLaunchTests.swift in Sources */,
				4DDB31E42F153AA300BA952B /* LuidGPTUITests.swift in Sources */,
			);
			runOnlyForDeploymentPostprocessing = 0;
		};
/* End PBXSourcesBuildPhase section */

/* Begin PBXTargetDependency section */
		4DDB31D72F153AA200BA952B /* PBXTargetDependency */ = {
			isa = PBXTargetDependency;
			target = 4DDB31C42F153AA100BA952B /* LuidGPT */;
			targetProxy = 4DDB31D62F153AA200BA952B /* PBXContainerItemProxy */;
		};
		4DDB31E12F153AA300BA952B /* PBXTargetDependency */ = {
			isa = PBXTargetDependency;
			target = 4DDB31C42F153AA100BA952B /* LuidGPT */;
			targetProxy = 4DDB31E02F153AA300BA952B /* PBXContainerItemProxy */;
		};
/* End PBXTargetDependency section */

/* Begin XCBuildConfiguration section */
		4DDB31E72F153AA300BA952B /* Debug */ = {
			isa = XCBuildConfiguration;
			buildSettings = {
				ALWAYS_SEARCH_USER_PATHS = NO;
				ASSETCATALOG_COMPILER_GENERATE_SWIFT_ASSET_SYMBOL_EXTENSIONS = YES;
				CLANG_ANALYZER_NONNULL = YES;
				CLANG_ANALYZER_NUMBER_OBJECT_CONVERSION = YES_AGGRESSIVE;
				CLANG_CXX_LANGUAGE_STANDARD = "gnu++20";
				CLANG_ENABLE_MODULES = YES;
				CLANG_ENABLE_OBJC_ARC = YES;
				CLANG_ENABLE_OBJC_WEAK = YES;
				CLANG_WARN_BLOCK_CAPTURE_AUTORELEASING = YES;
				CLANG_WARN_BOOL_CONVERSION = YES;
				CLANG_WARN_COMMA = YES;
				CLANG_WARN_CONSTANT_CONVERSION = YES;
				CLANG_WARN_DEPRECATED_OBJC_IMPLEMENTATIONS = YES;
				CLANG_WARN_DIRECT_OBJC_ISA_USAGE = YES_ERROR;
				CLANG_WARN_DOCUMENTATION_COMMENTS = YES;
				CLANG_WARN_EMPTY_BODY = YES;
				CLANG_WARN_ENUM_CONVERSION = YES;
				CLANG_WARN_INFINITE_RECURSION = YES;
				CLANG_WARN_INT_CONVERSION = YES;
				CLANG_WARN_NON_LITERAL_NULL_CONVERSION = YES;
				CLANG_WARN_OBJC_IMPLICIT_RETAIN_SELF = YES;
				CLANG_WARN_OBJC_LITERAL_CONVERSION = YES;
				CLANG_WARN_OBJC_ROOT_CLASS = YES_ERROR;
				CLANG_WARN_QUOTED_INCLUDE_IN_FRAMEWORK_HEADER = YES;
				CLANG_WARN_RANGE_LOOP_ANALYSIS = YES;
				CLANG_WARN_STRICT_PROTOTYPES = YES;
				CLANG_WARN_SUSPICIOUS_MOVE = YES;
				CLANG_WARN_UNGUARDED_AVAILABILITY = YES_AGGRESSIVE;
				CLANG_WARN_UNREACHABLE_CODE = YES;
				CLANG_WARN__DUPLICATE_METHOD_MATCH = YES;
				COPY_PHASE_STRIP = NO;
				DEBUG_INFORMATION_FORMAT = dwarf;
				ENABLE_STRICT_OBJC_MSGSEND = YES;
				ENABLE_TESTABILITY = YES;
				ENABLE_USER_SCRIPT_SANDBOXING = YES;
				GCC_C_LANGUAGE_STANDARD = gnu17;
				GCC_DYNAMIC_NO_PIC = NO;
				GCC_NO_COMMON_BLOCKS = YES;
				GCC_OPTIMIZATION_LEVEL = 0;
				GCC_PREPROCESSOR_DEFINITIONS = (
					"DEBUG=1",
					"$(inherited)",
				);
				GCC_WARN_64_TO_32_BIT_CONVERSION = YES;
				GCC_WARN_ABOUT_RETURN_TYPE = YES_ERROR;
				GCC_WARN_UNDECLARED_SELECTOR = YES;
				GCC_WARN_UNINITIALIZED_AUTOS = YES_AGGRESSIVE;
				GCC_WARN_UNUSED_FUNCTION = YES;
				GCC_WARN_UNUSED_VARIABLE = YES;
				IPHONEOS_DEPLOYMENT_TARGET = 17.5;
				LOCALIZATION_PREFERS_STRING_CATALOGS = YES;
				MTL_ENABLE_DEBUG_INFO = INCLUDE_SOURCE;
				MTL_FAST_MATH = YES;
				ONLY_ACTIVE_ARCH = YES;
				SDKROOT = iphoneos;
				SWIFT_ACTIVE_COMPILATION_CONDITIONS = "DEBUG $(inherited)";
				SWIFT_OPTIMIZATION_LEVEL = "-Onone";
			};
			name = Debug;
		};
		4DDB31E82F153AA300BA952B /* Release */ = {
			isa = XCBuildConfiguration;
			buildSettings = {
				ALWAYS_SEARCH_USER_PATHS = NO;
				ASSETCATALOG_COMPILER_GENERATE_SWIFT_ASSET_SYMBOL_EXTENSIONS = YES;
				CLANG_ANALYZER_NONNULL = YES;
				CLANG_ANALYZER_NUMBER_OBJECT_CONVERSION = YES_AGGRESSIVE;
				CLANG_CXX_LANGUAGE_STANDARD = "gnu++20";
				CLANG_ENABLE_MODULES = YES;
				CLANG_ENABLE_OBJC_ARC = YES;
				CLANG_ENABLE_OBJC_WEAK = YES;
				CLANG_WARN_BLOCK_CAPTURE_AUTORELEASING = YES;
				CLANG_WARN_BOOL_CONVERSION = YES;
				CLANG_WARN_COMMA = YES;
				CLANG_WARN_CONSTANT_CONVERSION = YES;
				CLANG_WARN_DEPRECATED_OBJC_IMPLEMENTATIONS = YES;
				CLANG_WARN_DIRECT_OBJC_ISA_USAGE = YES_ERROR;
				CLANG_WARN_DOCUMENTATION_COMMENTS = YES;
				CLANG_WARN_EMPTY_BODY = YES;
				CLANG_WARN_ENUM_CONVERSION = YES;
				CLANG_WARN_INFINITE_RECURSION = YES;
				CLANG_WARN_INT_CONVERSION = YES;
				CLANG_WARN_NON_LITERAL_NULL_CONVERSION = YES;
				CLANG_WARN_OBJC_IMPLICIT_RETAIN_SELF = YES;
				CLANG_WARN_OBJC_LITERAL_CONVERSION = YES;
				CLANG_WARN_OBJC_ROOT_CLASS = YES_ERROR;
				CLANG_WARN_QUOTED_INCLUDE_IN_FRAMEWORK_HEADER = YES;
				CLANG_WARN_RANGE_LOOP_ANALYSIS = YES;
				CLANG_WARN_STRICT_PROTOTYPES = YES;
				CLANG_WARN_SUSPICIOUS_MOVE = YES;
				CLANG_WARN_UNGUARDED_AVAILABILITY = YES_AGGRESSIVE;
				CLANG_WARN_UNREACHABLE_CODE = YES;
				CLANG_WARN__DUPLICATE_METHOD_MATCH = YES;
				COPY_PHASE_STRIP = NO;
				DEBUG_INFORMATION_FORMAT = "dwarf-with-dsym";
				ENABLE_NS_ASSERTIONS = NO;
				ENABLE_STRICT_OBJC_MSGSEND = YES;
				ENABLE_USER_SCRIPT_SANDBOXING = YES;
				GCC_C_LANGUAGE_STANDARD = gnu17;
				GCC_NO_COMMON_BLOCKS = YES;
				GCC_WARN_64_TO_32_BIT_CONVERSION = YES;
				GCC_WARN_ABOUT_RETURN_TYPE = YES_ERROR;
				GCC_WARN_UNDECLARED_SELECTOR = YES;
				GCC_WARN_UNINITIALIZED_AUTOS = YES_AGGRESSIVE;
				GCC_WARN_UNUSED_FUNCTION = YES;
				GCC_WARN_UNUSED_VARIABLE = YES;
				IPHONEOS_DEPLOYMENT_TARGET = 17.5;
				LOCALIZATION_PREFERS_STRING_CATALOGS = YES;
				MTL_ENABLE_DEBUG_INFO = NO;
				MTL_FAST_MATH = YES;
				SDKROOT = iphoneos;
				SWIFT_COMPILATION_MODE = wholemodule;
				VALIDATE_PRODUCT = YES;
			};
			name = Release;
		};
		4DDB31EA2F153AA300BA952B /* Debug */ = {
			isa = XCBuildConfiguration;
			buildSettings = {
				ASSETCATALOG_COMPILER_APPICON_NAME = AppIcon;
				ASSETCATALOG_COMPILER_GLOBAL_ACCENT_COLOR_NAME = AccentColor;
				CLANG_ENABLE_MODULES = YES;
				CODE_SIGN_STYLE = Automatic;
				CURRENT_PROJECT_VERSION = 1;
				DEVELOPMENT_ASSET_PATHS = "\"LuidGPT/Preview Content\"";
				ENABLE_PREVIEWS = YES;
				GENERATE_INFOPLIST_FILE = YES;
				INFOPLIST_KEY_UIApplicationSceneManifest_Generation = YES;
				INFOPLIST_KEY_UIApplicationSupportsIndirectInputEvents = YES;
				INFOPLIST_KEY_UILaunchScreen_Generation = YES;
				INFOPLIST_KEY_UISupportedInterfaceOrientations_iPad = "UIInterfaceOrientationPortrait UIInterfaceOrientationPortraitUpsideDown UIInterfaceOrientationLandscapeLeft UIInterfaceOrientationLandscapeRight";
				INFOPLIST_KEY_UISupportedInterfaceOrientations_iPhone = "UIInterfaceOrientationPortrait UIInterfaceOrientationLandscapeLeft UIInterfaceOrientationLandscapeRight";
				LD_RUNPATH_SEARCH_PATHS = (
					"$(inherited)",
					"@executable_path/Frameworks",
				);
				MARKETING_VERSION = 1.0;
				PRODUCT_BUNDLE_IDENTIFIER = com.luidgpt.LuidGPT;
				PRODUCT_NAME = "$(TARGET_NAME)";
				SWIFT_EMIT_LOC_STRINGS = YES;
				SWIFT_OPTIMIZATION_LEVEL = "-Onone";
				SWIFT_VERSION = 5.0;
				TARGETED_DEVICE_FAMILY = "1,2";
			};
			name = Debug;
		};
		4DDB31EB2F153AA300BA952B /* Release */ = {
			isa = XCBuildConfiguration;
			buildSettings = {
				ASSETCATALOG_COMPILER_APPICON_NAME = AppIcon;
				ASSETCATALOG_COMPILER_GLOBAL_ACCENT_COLOR_NAME = AccentColor;
				CLANG_ENABLE_MODULES = YES;
				CODE_SIGN_STYLE = Automatic;
				CURRENT_PROJECT_VERSION = 1;
				DEVELOPMENT_ASSET_PATHS = "\"LuidGPT/Preview Content\"";
				ENABLE_PREVIEWS = YES;
				GENERATE_INFOPLIST_FILE = YES;
				INFOPLIST_KEY_UIApplicationSceneManifest_Generation = YES;
				INFOPLIST_KEY_UIApplicationSupportsIndirectInputEvents = YES;
				INFOPLIST_KEY_UILaunchScreen_Generation = YES;
				INFOPLIST_KEY_UISupportedInterfaceOrientations_iPad = "UIInterfaceOrientationPortrait UIInterfaceOrientationPortraitUpsideDown UIInterfaceOrientationLandscapeLeft UIInterfaceOrientationLandscapeRight";
				INFOPLIST_KEY_UISupportedInterfaceOrientations_iPhone = "UIInterfaceOrientationPortrait UIInterfaceOrientationLandscapeLeft UIInterfaceOrientationLandscapeRight";
				LD_RUNPATH_SEARCH_PATHS = (
					"$(inherited)",
					"@executable_path/Frameworks",
				);
				MARKETING_VERSION = 1.0;
				PRODUCT_BUNDLE_IDENTIFIER = com.luidgpt.LuidGPT;
				PRODUCT_NAME = "$(TARGET_NAME)";
				SWIFT_EMIT_LOC_STRINGS = YES;
				SWIFT_VERSION = 5.0;
				TARGETED_DEVICE_FAMILY = "1,2";
			};
			name = Release;
		};
		4DDB31ED2F153AA300BA952B /* Debug */ = {
			isa = XCBuildConfiguration;
			buildSettings = {
				ALWAYS_EMBED_SWIFT_STANDARD_LIBRARIES = YES;
				BUNDLE_LOADER = "$(TEST_HOST)";
				CODE_SIGN_STYLE = Automatic;
				CURRENT_PROJECT_VERSION = 1;
				GENERATE_INFOPLIST_FILE = YES;
				IPHONEOS_DEPLOYMENT_TARGET = 17.5;
				MARKETING_VERSION = 1.0;
				PRODUCT_BUNDLE_IDENTIFIER = com.luidgpt.LuidGPTTests;
				PRODUCT_NAME = "$(TARGET_NAME)";
				SWIFT_EMIT_LOC_STRINGS = NO;
				SWIFT_VERSION = 5.0;
				TARGETED_DEVICE_FAMILY = "1,2";
				TEST_HOST = "$(BUILT_PRODUCTS_DIR)/LuidGPT.app/$(BUNDLE_EXECUTABLE_FOLDER_PATH)/LuidGPT";
			};
			name = Debug;
		};
		4DDB31EE2F153AA300BA952B /* Release */ = {
			isa = XCBuildConfiguration;
			buildSettings = {
				ALWAYS_EMBED_SWIFT_STANDARD_LIBRARIES = YES;
				BUNDLE_LOADER = "$(TEST_HOST)";
				CODE_SIGN_STYLE = Automatic;
				CURRENT_PROJECT_VERSION = 1;
				GENERATE_INFOPLIST_FILE = YES;
				IPHONEOS_DEPLOYMENT_TARGET = 17.5;
				MARKETING_VERSION = 1.0;
				PRODUCT_BUNDLE_IDENTIFIER = com.luidgpt.LuidGPTTests;
				PRODUCT_NAME = "$(TARGET_NAME)";
				SWIFT_EMIT_LOC_STRINGS = NO;
				SWIFT_VERSION = 5.0;
				TARGETED_DEVICE_FAMILY = "1,2";
				TEST_HOST = "$(BUILT_PRODUCTS_DIR)/LuidGPT.app/$(BUNDLE_EXECUTABLE_FOLDER_PATH)/LuidGPT";
			};
			name = Release;
		};
		4DDB31F02F153AA300BA952B /* Debug */ = {
			isa = XCBuildConfiguration;
			buildSettings = {
				ALWAYS_EMBED_SWIFT_STANDARD_LIBRARIES = YES;
				CODE_SIGN_STYLE = Automatic;
				CURRENT_PROJECT_VERSION = 1;
				GENERATE_INFOPLIST_FILE = YES;
				MARKETING_VERSION = 1.0;
				PRODUCT_BUNDLE_IDENTIFIER = com.luidgpt.LuidGPTUITests;
				PRODUCT_NAME = "$(TARGET_NAME)";
				SWIFT_EMIT_LOC_STRINGS = NO;
				SWIFT_VERSION = 5.0;
				TARGETED_DEVICE_FAMILY = "1,2";
				TEST_TARGET_NAME = LuidGPT;
			};
			name = Debug;
		};
		4DDB31F12F153AA300BA952B /* Release */ = {
			isa = XCBuildConfiguration;
			buildSettings = {
				ALWAYS_EMBED_SWIFT_STANDARD_LIBRARIES = YES;
				CODE_SIGN_STYLE = Automatic;
				CURRENT_PROJECT_VERSION = 1;
				GENERATE_INFOPLIST_FILE = YES;
				MARKETING_VERSION = 1.0;
				PRODUCT_BUNDLE_IDENTIFIER = com.luidgpt.LuidGPTUITests;
				PRODUCT_NAME = "$(TARGET_NAME)";
				SWIFT_EMIT_LOC_STRINGS = NO;
				SWIFT_VERSION = 5.0;
				TARGETED_DEVICE_FAMILY = "1,2";
				TEST_TARGET_NAME = LuidGPT;
			};
			name = Release;
		};
/* End XCBuildConfiguration section */

/* Begin XCConfigurationList section */
		4DDB31C02F153AA100BA952B /* Build configuration list for PBXProject "LuidGPT" */ = {
			isa = XCConfigurationList;
			buildConfigurations = (
				4DDB31E72F153AA300BA952B /* Debug */,
				4DDB31E82F153AA300BA952B /* Release */,
			);
			defaultConfigurationIsVisible = 0;
			defaultConfigurationName = Release;
		};
		4DDB31E92F153AA300BA952B /* Build configuration list for PBXNativeTarget "LuidGPT" */ = {
			isa = XCConfigurationList;
			buildConfigurations = (
				4DDB31EA2F153AA300BA952B /* Debug */,
				4DDB31EB2F153AA300BA952B /* Release */,
			);
			defaultConfigurationIsVisible = 0;
			defaultConfigurationName = Release;
		};
		4DDB31EC2F153AA300BA952B /* Build configuration list for PBXNativeTarget "LuidGPTTests" */ = {
			isa = XCConfigurationList;
			buildConfigurations = (
				4DDB31ED2F153AA300BA952B /* Debug */,
				4DDB31EE2F153AA300BA952B /* Release */,
			);
			defaultConfigurationIsVisible = 0;
			defaultConfigurationName = Release;
		};
		4DDB31EF2F153AA300BA952B /* Build configuration list for PBXNativeTarget "LuidGPTUITests" */ = {
			isa = XCConfigurationList;
			buildConfigurations = (
				4DDB31F02F153AA300BA952B /* Debug */,
				4DDB31F12F153AA300BA952B /* Release */,
			);
			defaultConfigurationIsVisible = 0;
			defaultConfigurationName = Release;
		};
/* End XCConfigurationList section */
	};
	rootObject = 4DDB31BD2F153AA100BA952B /* Project object */;
}
